// !$*UTF8*$!
{
	archiveVersion = 1;
	classes = {
	};
	objectVersion = 56;
	objects = {

/* Begin PBXBuildFile section */
		2A3A1EB929B061A000CA300B /* AppDelegate.swift in Sources */ = {isa = PBXBuildFile; fileRef = 2A3A1EB829B061A000CA300B /* AppDelegate.swift */; };
		2A3A1EBB29B061A000CA300B /* SceneDelegate.swift in Sources */ = {isa = PBXBuildFile; fileRef = 2A3A1EBA29B061A000CA300B /* SceneDelegate.swift */; };
		2A3A1EBD29B061A000CA300B /* ViewController.swift in Sources */ = {isa = PBXBuildFile; fileRef = 2A3A1EBC29B061A000CA300B /* ViewController.swift */; };
		2A3A1EC029B061A000CA300B /* Main.storyboard in Resources */ = {isa = PBXBuildFile; fileRef = 2A3A1EBE29B061A000CA300B /* Main.storyboard */; };
		2A3A1EC229B061A200CA300B /* Assets.xcassets in Resources */ = {isa = PBXBuildFile; fileRef = 2A3A1EC129B061A200CA300B /* Assets.xcassets */; };
		2A3A1EC529B061A200CA300B /* LaunchScreen.storyboard in Resources */ = {isa = PBXBuildFile; fileRef = 2A3A1EC329B061A200CA300B /* LaunchScreen.storyboard */; };
		2AFC924429B72031003A35CE /* ImageUrl.swift in Sources */ = {isa = PBXBuildFile; fileRef = 2AFC924329B72031003A35CE /* ImageUrl.swift */; };
		2AFC924629B7272D003A35CE /* ImageLoadCell.swift in Sources */ = {isa = PBXBuildFile; fileRef = 2AFC924529B7272D003A35CE /* ImageLoadCell.swift */; };
/* End PBXBuildFile section */

/* Begin PBXFileReference section */
		2A3A1EB529B061A000CA300B /* ImageDownloadProgram.app */ = {isa = PBXFileReference; explicitFileType = wrapper.application; includeInIndex = 0; path = ImageDownloadProgram.app; sourceTree = BUILT_PRODUCTS_DIR; };
		2A3A1EB829B061A000CA300B /* AppDelegate.swift */ = {isa = PBXFileReference; lastKnownFileType = sourcecode.swift; path = AppDelegate.swift; sourceTree = "<group>"; };
		2A3A1EBA29B061A000CA300B /* SceneDelegate.swift */ = {isa = PBXFileReference; lastKnownFileType = sourcecode.swift; path = SceneDelegate.swift; sourceTree = "<group>"; };
		2A3A1EBC29B061A000CA300B /* ViewController.swift */ = {isa = PBXFileReference; lastKnownFileType = sourcecode.swift; path = ViewController.swift; sourceTree = "<group>"; };
		2A3A1EBF29B061A000CA300B /* Base */ = {isa = PBXFileReference; lastKnownFileType = file.storyboard; name = Base; path = Base.lproj/Main.storyboard; sourceTree = "<group>"; };
		2A3A1EC129B061A200CA300B /* Assets.xcassets */ = {isa = PBXFileReference; lastKnownFileType = folder.assetcatalog; path = Assets.xcassets; sourceTree = "<group>"; };
		2A3A1EC429B061A200CA300B /* Base */ = {isa = PBXFileReference; lastKnownFileType = file.storyboard; name = Base; path = Base.lproj/LaunchScreen.storyboard; sourceTree = "<group>"; };
		2A3A1EC629B061A200CA300B /* Info.plist */ = {isa = PBXFileReference; lastKnownFileType = text.plist.xml; path = Info.plist; sourceTree = "<group>"; };
		2AFC924329B72031003A35CE /* ImageUrl.swift */ = {isa = PBXFileReference; lastKnownFileType = sourcecode.swift; path = ImageUrl.swift; sourceTree = "<group>"; };
		2AFC924529B7272D003A35CE /* ImageLoadCell.swift */ = {isa = PBXFileReference; lastKnownFileType = sourcecode.swift; path = ImageLoadCell.swift; sourceTree = "<group>"; };
/* End PBXFileReference section */

/* Begin PBXFrameworksBuildPhase section */
		2A3A1EB229B061A000CA300B /* Frameworks */ = {
			isa = PBXFrameworksBuildPhase;
			buildActionMask = 2147483647;
			files = (
			);
			runOnlyForDeploymentPostprocessing = 0;
		};
/* End PBXFrameworksBuildPhase section */

/* Begin PBXGroup section */
		2A3A1EAC29B061A000CA300B = {
			isa = PBXGroup;
			children = (
				2A3A1EB729B061A000CA300B /* ImageDownloadProgram */,
				2A3A1EB629B061A000CA300B /* Products */,
			);
			sourceTree = "<group>";
		};
		2A3A1EB629B061A000CA300B /* Products */ = {
			isa = PBXGroup;
			children = (
				2A3A1EB529B061A000CA300B /* ImageDownloadProgram.app */,
			);
			name = Products;
			sourceTree = "<group>";
		};
		2A3A1EB729B061A000CA300B /* ImageDownloadProgram */ = {
			isa = PBXGroup;
			children = (
				2A3A1EB829B061A000CA300B /* AppDelegate.swift */,
				2A3A1EBA29B061A000CA300B /* SceneDelegate.swift */,
				2A3A1EBC29B061A000CA300B /* ViewController.swift */,
				2AFC924529B7272D003A35CE /* ImageLoadCell.swift */,
				2AFC924329B72031003A35CE /* ImageUrl.swift */,
				2A3A1EBE29B061A000CA300B /* Main.storyboard */,
				2A3A1EC129B061A200CA300B /* Assets.xcassets */,
				2A3A1EC329B061A200CA300B /* LaunchScreen.storyboard */,
				2A3A1EC629B061A200CA300B /* Info.plist */,
			);
			path = ImageDownloadProgram;
			sourceTree = "<group>";
		};
/* End PBXGroup section */

/* Begin PBXNativeTarget section */
		2A3A1EB429B061A000CA300B /* ImageDownloadProgram */ = {
			isa = PBXNativeTarget;
			buildConfigurationList = 2A3A1EC929B061A200CA300B /* Build configuration list for PBXNativeTarget "ImageDownloadProgram" */;
			buildPhases = (
				2A3A1EB129B061A000CA300B /* Sources */,
				2A3A1EB229B061A000CA300B /* Frameworks */,
				2A3A1EB329B061A000CA300B /* Resources */,
			);
			buildRules = (
			);
			dependencies = (
			);
			name = ImageDownloadProgram;
			productName = ImageDownloadProgram;
			productReference = 2A3A1EB529B061A000CA300B /* ImageDownloadProgram.app */;
			productType = "com.apple.product-type.application";
		};
/* End PBXNativeTarget section */

/* Begin PBXProject section */
		2A3A1EAD29B061A000CA300B /* Project object */ = {
			isa = PBXProject;
			attributes = {
				BuildIndependentTargetsInParallel = 1;
				LastSwiftUpdateCheck = 1420;
				LastUpgradeCheck = 1420;
				TargetAttributes = {
					2A3A1EB429B061A000CA300B = {
						CreatedOnToolsVersion = 14.2;
					};
				};
			};
			buildConfigurationList = 2A3A1EB029B061A000CA300B /* Build configuration list for PBXProject "ImageDownloadProgram" */;
			compatibilityVersion = "Xcode 14.0";
			developmentRegion = en;
			hasScannedForEncodings = 0;
			knownRegions = (
				en,
				Base,
			);
			mainGroup = 2A3A1EAC29B061A000CA300B;
			productRefGroup = 2A3A1EB629B061A000CA300B /* Products */;
			projectDirPath = "";
			projectRoot = "";
			targets = (
				2A3A1EB429B061A000CA300B /* ImageDownloadProgram */,
			);
		};
/* End PBXProject section */

/* Begin PBXResourcesBuildPhase section */
		2A3A1EB329B061A000CA300B /* Resources */ = {
			isa = PBXResourcesBuildPhase;
			buildActionMask = 2147483647;
			files = (
				2A3A1EC529B061A200CA300B /* LaunchScreen.storyboard in Resources */,
				2A3A1EC229B061A200CA300B /* Assets.xcassets in Resources */,
				2A3A1EC029B061A000CA300B /* Main.storyboard in Resources */,
			);
			runOnlyForDeploymentPostprocessing = 0;
		};
/* End PBXResourcesBuildPhase section */

/* Begin PBXSourcesBuildPhase section */
		2A3A1EB129B061A000CA300B /* Sources */ = {
			isa = PBXSourcesBuildPhase;
			buildActionMask = 2147483647;
			files = (
				2A3A1EBD29B061A000CA300B /* ViewController.swift in Sources */,
				2A3A1EB929B061A000CA300B /* AppDelegate.swift in Sources */,
				2AFC924629B7272D003A35CE /* ImageLoadCell.swift in Sources */,
				2A3A1EBB29B061A000CA300B /* SceneDelegate.swift in Sources */,
				2AFC924429B72031003A35CE /* ImageUrl.swift in Sources */,
			);
			runOnlyForDeploymentPostprocessing = 0;
		};
/* End PBXSourcesBuildPhase section */

/* Begin PBXVariantGroup section */
		2A3A1EBE29B061A000CA300B /* Main.storyboard */ = {
			isa = PBXVariantGroup;
			children = (
				2A3A1EBF29B061A000CA300B /* Base */,
			);
			name = Main.storyboard;
			sourceTree = "<group>";
		};
		2A3A1EC329B061A200CA300B /* LaunchScreen.storyboard */ = {
			isa = PBXVariantGroup;
			children = (
				2A3A1EC429B061A200CA300B /* Base */,
			);
			name = LaunchScreen.storyboard;
			sourceTree = "<group>";
		};
/* End PBXVariantGroup section */

/* Begin XCBuildConfiguration section */
		2A3A1EC729B061A200CA300B /* Debug */ = {
			isa = XCBuildConfiguration;
			buildSettings = {
				ALWAYS_SEARCH_USER_PATHS = NO;
				CLANG_ANALYZER_NONNULL = YES;
				CLANG_ANALYZER_NUMBER_OBJECT_CONVERSION = YES_AGGRESSIVE;
				CLANG_CXX_LANGUAGE_STANDARD = "gnu++20";
				CLANG_ENABLE_MODULES = YES;
				CLANG_ENABLE_OBJC_ARC = YES;
				CLANG_ENABLE_OBJC_WEAK = YES;
				CLANG_WARN_BLOCK_CAPTURE_AUTORELEASING = YES;
				CLANG_WARN_BOOL_CONVERSION = YES;
				CLANG_WARN_COMMA = YES;
				CLANG_WARN_CONSTANT_CONVERSION = YES;
				CLANG_WARN_DEPRECATED_OBJC_IMPLEMENTATIONS = YES;
				CLANG_WARN_DIRECT_OBJC_ISA_USAGE = YES_ERROR;
				CLANG_WARN_DOCUMENTATION_COMMENTS = YES;
				CLANG_WARN_EMPTY_BODY = YES;
				CLANG_WARN_ENUM_CONVERSION = YES;
				CLANG_WARN_INFINITE_RECURSION = YES;
				CLANG_WARN_INT_CONVERSION = YES;
				CLANG_WARN_NON_LITERAL_NULL_CONVERSION = YES;
				CLANG_WARN_OBJC_IMPLICIT_RETAIN_SELF = YES;
				CLANG_WARN_OBJC_LITERAL_CONVERSION = YES;
				CLANG_WARN_OBJC_ROOT_CLASS = YES_ERROR;
				CLANG_WARN_QUOTED_INCLUDE_IN_FRAMEWORK_HEADER = YES;
				CLANG_WARN_RANGE_LOOP_ANALYSIS = YES;
				CLANG_WARN_STRICT_PROTOTYPES = YES;
				CLANG_WARN_SUSPICIOUS_MOVE = YES;
				CLANG_WARN_UNGUARDED_AVAILABILITY = YES_AGGRESSIVE;
				CLANG_WARN_UNREACHABLE_CODE = YES;
				CLANG_WARN__DUPLICATE_METHOD_MATCH = YES;
				COPY_PHASE_STRIP = NO;
				DEBUG_INFORMATION_FORMAT = dwarf;
				ENABLE_STRICT_OBJC_MSGSEND = YES;
				ENABLE_TESTABILITY = YES;
				GCC_C_LANGUAGE_STANDARD = gnu11;
				GCC_DYNAMIC_NO_PIC = NO;
				GCC_NO_COMMON_BLOCKS = YES;
				GCC_OPTIMIZATION_LEVEL = 0;
				GCC_PREPROCESSOR_DEFINITIONS = (
					"DEBUG=1",
					"$(inherited)",
				);
				GCC_WARN_64_TO_32_BIT_CONVERSION = YES;
				GCC_WARN_ABOUT_RETURN_TYPE = YES_ERROR;
				GCC_WARN_UNDECLARED_SELECTOR = YES;
				GCC_WARN_UNINITIALIZED_AUTOS = YES_AGGRESSIVE;
				GCC_WARN_UNUSED_FUNCTION = YES;
				GCC_WARN_UNUSED_VARIABLE = YES;
				IPHONEOS_DEPLOYMENT_TARGET = 16.2;
				MTL_ENABLE_DEBUG_INFO = INCLUDE_SOURCE;
				MTL_FAST_MATH = YES;
				ONLY_ACTIVE_ARCH = YES;
				SDKROOT = iphoneos;
				SWIFT_ACTIVE_COMPILATION_CONDITIONS = DEBUG;
				SWIFT_OPTIMIZATION_LEVEL = "-Onone";
			};
			name = Debug;
		};
		2A3A1EC829B061A200CA300B /* Release */ = {
			isa = XCBuildConfiguration;
			buildSettings = {
				ALWAYS_SEARCH_USER_PATHS = NO;
				CLANG_ANALYZER_NONNULL = YES;
				CLANG_ANALYZER_NUMBER_OBJECT_CONVERSION = YES_AGGRESSIVE;
				CLANG_CXX_LANGUAGE_STANDARD = "gnu++20";
				CLANG_ENABLE_MODULES = YES;
				CLANG_ENABLE_OBJC_ARC = YES;
				CLANG_ENABLE_OBJC_WEAK = YES;
				CLANG_WARN_BLOCK_CAPTURE_AUTORELEASING = YES;
				CLANG_WARN_BOOL_CONVERSION = YES;
				CLANG_WARN_COMMA = YES;
				CLANG_WARN_CONSTANT_CONVERSION = YES;
				CLANG_WARN_DEPRECATED_OBJC_IMPLEMENTATIONS = YES;
				CLANG_WARN_DIRECT_OBJC_ISA_USAGE = YES_ERROR;
				CLANG_WARN_DOCUMENTATION_COMMENTS = YES;
				CLANG_WARN_EMPTY_BODY = YES;
				CLANG_WARN_ENUM_CONVERSION = YES;
				CLANG_WARN_INFINITE_RECURSION = YES;
				CLANG_WARN_INT_CONVERSION = YES;
				CLANG_WARN_NON_LITERAL_NULL_CONVERSION = YES;
				CLANG_WARN_OBJC_IMPLICIT_RETAIN_SELF = YES;
				CLANG_WARN_OBJC_LITERAL_CONVERSION = YES;
				CLANG_WARN_OBJC_ROOT_CLASS = YES_ERROR;
				CLANG_WARN_QUOTED_INCLUDE_IN_FRAMEWORK_HEADER = YES;
				CLANG_WARN_RANGE_LOOP_ANALYSIS = YES;
				CLANG_WARN_STRICT_PROTOTYPES = YES;
				CLANG_WARN_SUSPICIOUS_MOVE = YES;
				CLANG_WARN_UNGUARDED_AVAILABILITY = YES_AGGRESSIVE;
				CLANG_WARN_UNREACHABLE_CODE = YES;
				CLANG_WARN__DUPLICATE_METHOD_MATCH = YES;
				COPY_PHASE_STRIP = NO;
				DEBUG_INFORMATION_FORMAT = "dwarf-with-dsym";
				ENABLE_NS_ASSERTIONS = NO;
				ENABLE_STRICT_OBJC_MSGSEND = YES;
				GCC_C_LANGUAGE_STANDARD = gnu11;
				GCC_NO_COMMON_BLOCKS = YES;
				GCC_WARN_64_TO_32_BIT_CONVERSION = YES;
				GCC_WARN_ABOUT_RETURN_TYPE = YES_ERROR;
				GCC_WARN_UNDECLARED_SELECTOR = YES;
				GCC_WARN_UNINITIALIZED_AUTOS = YES_AGGRESSIVE;
				GCC_WARN_UNUSED_FUNCTION = YES;
				GCC_WARN_UNUSED_VARIABLE = YES;
				IPHONEOS_DEPLOYMENT_TARGET = 16.2;
				MTL_ENABLE_DEBUG_INFO = NO;
				MTL_FAST_MATH = YES;
				SDKROOT = iphoneos;
				SWIFT_COMPILATION_MODE = wholemodule;
				SWIFT_OPTIMIZATION_LEVEL = "-O";
				VALIDATE_PRODUCT = YES;
			};
			name = Release;
		};
		2A3A1ECA29B061A200CA300B /* Debug */ = {
			isa = XCBuildConfiguration;
			buildSettings = {
				ASSETCATALOG_COMPILER_APPICON_NAME = AppIcon;
				ASSETCATALOG_COMPILER_GLOBAL_ACCENT_COLOR_NAME = AccentColor;
				CODE_SIGN_STYLE = Automatic;
				CURRENT_PROJECT_VERSION = 1;
				DEVELOPMENT_TEAM = 68P2WV4DR3;
				GENERATE_INFOPLIST_FILE = YES;
				INFOPLIST_FILE = ImageDownloadProgram/Info.plist;
				INFOPLIST_KEY_UIApplicationSupportsIndirectInputEvents = YES;
				INFOPLIST_KEY_UILaunchStoryboardName = LaunchScreen;
				INFOPLIST_KEY_UIMainStoryboardFile = Main;
				INFOPLIST_KEY_UISupportedInterfaceOrientations_iPad = "UIInterfaceOrientationPortrait UIInterfaceOrientationPortraitUpsideDown UIInterfaceOrientationLandscapeLeft UIInterfaceOrientationLandscapeRight";
				INFOPLIST_KEY_UISupportedInterfaceOrientations_iPhone = "UIInterfaceOrientationPortrait UIInterfaceOrientationLandscapeLeft UIInterfaceOrientationLandscapeRight";
				LD_RUNPATH_SEARCH_PATHS = (
					"$(inherited)",
					"@executable_path/Frameworks",
				);
				MARKETING_VERSION = 1.0;
				PRODUCT_BUNDLE_IDENTIFIER = com.lily.ImageDownloadProgram;
				PRODUCT_NAME = "$(TARGET_NAME)";
				SWIFT_EMIT_LOC_STRINGS = YES;
				SWIFT_VERSION = 5.0;
				TARGETED_DEVICE_FAMILY = "1,2";
			};
			name = Debug;
		};
		2A3A1ECB29B061A200CA300B /* Release */ = {
			isa = XCBuildConfiguration;
			buildSettings = {
				ASSETCATALOG_COMPILER_APPICON_NAME = AppIcon;
				ASSETCATALOG_COMPILER_GLOBAL_ACCENT_COLOR_NAME = AccentColor;
				CODE_SIGN_STYLE = Automatic;
				CURRENT_PROJECT_VERSION = 1;
				DEVELOPMENT_TEAM = 68P2WV4DR3;
				GENERATE_INFOPLIST_FILE = YES;
				INFOPLIST_FILE = ImageDownloadProgram/Info.plist;
				INFOPLIST_KEY_UIApplicationSupportsIndirectInputEvents = YES;
				INFOPLIST_KEY_UILaunchStoryboardName = LaunchScreen;
				INFOPLIST_KEY_UIMainStoryboardFile = Main;
				INFOPLIST_KEY_UISupportedInterfaceOrientations_iPad = "UIInterfaceOrientationPortrait UIInterfaceOrientationPortraitUpsideDown UIInterfaceOrientationLandscapeLeft UIInterfaceOrientationLandscapeRight";
				INFOPLIST_KEY_UISupportedInterfaceOrientations_iPhone = "UIInterfaceOrientationPortrait UIInterfaceOrientationLandscapeLeft UIInterfaceOrientationLandscapeRight";
				LD_RUNPATH_SEARCH_PATHS = (
					"$(inherited)",
					"@executable_path/Frameworks",
				);
				MARKETING_VERSION = 1.0;
				PRODUCT_BUNDLE_IDENTIFIER = com.lily.ImageDownloadProgram;
				PRODUCT_NAME = "$(TARGET_NAME)";
				SWIFT_EMIT_LOC_STRINGS = YES;
				SWIFT_VERSION = 5.0;
				TARGETED_DEVICE_FAMILY = "1,2";
			};
			name = Release;
		};
/* End XCBuildConfiguration section */

/* Begin XCConfigurationList section */
		2A3A1EB029B061A000CA300B /* Build configuration list for PBXProject "ImageDownloadProgram" */ = {
			isa = XCConfigurationList;
			buildConfigurations = (
				2A3A1EC729B061A200CA300B /* Debug */,
				2A3A1EC829B061A200CA300B /* Release */,
			);
			defaultConfigurationIsVisible = 0;
			defaultConfigurationName = Release;
		};
		2A3A1EC929B061A200CA300B /* Build configuration list for PBXNativeTarget "ImageDownloadProgram" */ = {
			isa = XCConfigurationList;
			buildConfigurations = (
				2A3A1ECA29B061A200CA300B /* Debug */,
				2A3A1ECB29B061A200CA300B /* Release */,
			);
			defaultConfigurationIsVisible = 0;
			defaultConfigurationName = Release;
		};
/* End XCConfigurationList section */
	};
	rootObject = 2A3A1EAD29B061A000CA300B /* Project object */;
}
